
Microsoft Visual Studio Solution File, Format Version 12.00
# Visual Studio 14
VisualStudioVersion = 14.0.25420.1
MinimumVisualStudioVersion = 10.0.40219.1
Project("{FAE04EC0-301F-11D3-BF4B-00C04F79EFBC}") = "Competition", "Competition\Competition.csproj", "{2B016CCB-37A0-4A47-BF45-616A9E3F3811}"
EndProject
Global
	GlobalSection(SolutionConfigurationPlatforms) = preSolution
		Debug|Any CPU = Debug|Any CPU
		Release|Any CPU = Release|Any CPU
	EndGlobalSection
	GlobalSection(ProjectConfigurationPlatforms) = postSolution
		{2B016CCB-37A0-4A47-BF45-616A9E3F3811}.Debug|Any CPU.ActiveCfg = Debug|Any CPU
		{2B016CCB-37A0-4A47-BF45-616A9E3F3811}.Debug|Any CPU.Build.0 = Debug|Any CPU
		{2B016CCB-37A0-4A47-BF45-616A9E3F3811}.Release|Any CPU.ActiveCfg = Release|Any CPU
		{2B016CCB-37A0-4A47-BF45-616A9E3F3811}.Release|Any CPU.Build.0 = Release|Any CPU
	EndGlobalSection
	GlobalSection(SolutionProperties) = preSolution
		HideSolutionNode = FALSE
	EndGlobalSection
	GlobalSection(CodealikeProperties) = postSolution
		SolutionGuid = 18c1d177-e3fe-41b1-93b1-5f17ecdf56d3
	EndGlobalSection
EndGlobal
